// !$*UTF8*$!
{
	archiveVersion = 1;
	classes = {
	};
	objectVersion = 77;
	objects = {

/* Begin PBXBuildFile section */
		08F3698E03B5DCB283518995 /* AuthManager.swift in Sources */ = {isa = PBXBuildFile; fileRef = 03FE73B0C30BA8DA43F6F838 /* AuthManager.swift */; };
		0E6DA84F4CF6A40553643308 /* Supabase in Frameworks */ = {isa = PBXBuildFile; productRef = 02F3F7376E8D264A05F80449 /* Supabase */; };
		10D26FCE5695A587DCC78FCE /* LaunchScreen.storyboard in Resources */ = {isa = PBXBuildFile; fileRef = 649EA85F23404EE1D3A20CFB /* LaunchScreen.storyboard */; };
		116CF26B3987606F99E35906 /* Assets.xcassets in Resources */ = {isa = PBXBuildFile; fileRef = 7BDCEC68CBB0E7DE23C7588C /* Assets.xcassets */; };
		15FDC383D17FC61B6DA8E6E0 /* SaleRow.swift in Sources */ = {isa = PBXBuildFile; fileRef = 7B26D74F6599EA3404D853A3 /* SaleRow.swift */; };
		2FBAEE42588FC2F1C17051EF /* SignInView.swift in Sources */ = {isa = PBXBuildFile; fileRef = DA61B96DAB4386DDEC5180FB /* SignInView.swift */; };
		3E729A264AA1F94249C92D50 /* HomeComponents.swift in Sources */ = {isa = PBXBuildFile; fileRef = F94D0ECCDBF41AFDBE567F5F /* HomeComponents.swift */; };
		4F774C324E26C848EEFCE5A4 /* ConnectView.swift in Sources */ = {isa = PBXBuildFile; fileRef = 3801280B9973C9F01B64A093 /* ConnectView.swift */; };
		724F84349FEE7B786FB817C8 /* SalesPingApp.swift in Sources */ = {isa = PBXBuildFile; fileRef = C3582AAF4CAC117A80D7CA2C /* SalesPingApp.swift */; };
		7A0E90E8A0110FB1D92F2A9F /* Sale.swift in Sources */ = {isa = PBXBuildFile; fileRef = D0A7E2FD002D2840D89A4E4F /* Sale.swift */; };
		7AE45C38555E2893D11A59D7 /* ConnectStore.swift in Sources */ = {isa = PBXBuildFile; fileRef = 69A56B3C53BBA10DAA26E84A /* ConnectStore.swift */; };
		A593A42E31B3B2431111454D /* SupabaseManager.swift in Sources */ = {isa = PBXBuildFile; fileRef = 176BA1B8CAFC61D5D53D334B /* SupabaseManager.swift */; };
		C6475AC84B121E8E79BB5063 /* ConnectSheet.swift in Sources */ = {isa = PBXBuildFile; fileRef = FF8902692CFD73A834717D72 /* ConnectSheet.swift */; };
		D24BEBF33498E663C741EFE7 /* SalesStore.swift in Sources */ = {isa = PBXBuildFile; fileRef = BBD9B6DC47CE94C9FC8043DF /* SalesStore.swift */; };
		E5A37D21446CB91F08D50E84 /* HomeView.swift in Sources */ = {isa = PBXBuildFile; fileRef = 3D50BEB411E48FA2EF2F2A24 /* HomeView.swift */; };
		EFA7307FCFD086598685392A /* RootTabView.swift in Sources */ = {isa = PBXBuildFile; fileRef = 72B2004CEA8B7A74F967508E /* RootTabView.swift */; };
		F09C8D61B19DA1689935856C /* Theme.swift in Sources */ = {isa = PBXBuildFile; fileRef = DEC70AB49EC036BC236B878E /* Theme.swift */; };
/* End PBXBuildFile section */

/* Begin PBXFileReference section */
		03FE73B0C30BA8DA43F6F838 /* AuthManager.swift */ = {isa = PBXFileReference; lastKnownFileType = sourcecode.swift; path = AuthManager.swift; sourceTree = "<group>"; };
		11AD66B80765477DB70ED00C /* Info.plist */ = {isa = PBXFileReference; lastKnownFileType = text.plist; path = Info.plist; sourceTree = "<group>"; };
		176BA1B8CAFC61D5D53D334B /* SupabaseManager.swift */ = {isa = PBXFileReference; lastKnownFileType = sourcecode.swift; path = SupabaseManager.swift; sourceTree = "<group>"; };
		3801280B9973C9F01B64A093 /* ConnectView.swift */ = {isa = PBXFileReference; lastKnownFileType = sourcecode.swift; path = ConnectView.swift; sourceTree = "<group>"; };
		3D50BEB411E48FA2EF2F2A24 /* HomeView.swift */ = {isa = PBXFileReference; lastKnownFileType = sourcecode.swift; path = HomeView.swift; sourceTree = "<group>"; };
		5517226DEEC8789D45370064 /* Base */ = {isa = PBXFileReference; lastKnownFileType = file.storyboard; name = Base; path = Base.lproj/LaunchScreen.storyboard; sourceTree = "<group>"; };
		60E1507DC0058EE323E05B89 /* SalesPing.entitlements */ = {isa = PBXFileReference; lastKnownFileType = text.plist.entitlements; path = SalesPing.entitlements; sourceTree = "<group>"; };
		69A56B3C53BBA10DAA26E84A /* ConnectStore.swift */ = {isa = PBXFileReference; lastKnownFileType = sourcecode.swift; path = ConnectStore.swift; sourceTree = "<group>"; };
		72B2004CEA8B7A74F967508E /* RootTabView.swift */ = {isa = PBXFileReference; lastKnownFileType = sourcecode.swift; path = RootTabView.swift; sourceTree = "<group>"; };
		7B26D74F6599EA3404D853A3 /* SaleRow.swift */ = {isa = PBXFileReference; lastKnownFileType = sourcecode.swift; path = SaleRow.swift; sourceTree = "<group>"; };
		7BDCEC68CBB0E7DE23C7588C /* Assets.xcassets */ = {isa = PBXFileReference; lastKnownFileType = folder.assetcatalog; path = Assets.xcassets; sourceTree = "<group>"; };
		BBD9B6DC47CE94C9FC8043DF /* SalesStore.swift */ = {isa = PBXFileReference; lastKnownFileType = sourcecode.swift; path = SalesStore.swift; sourceTree = "<group>"; };
		C2EFA9EAAECCE0CA84AD8D41 /* Sales Ping.app */ = {isa = PBXFileReference; includeInIndex = 0; lastKnownFileType = wrapper.application; path = "Sales Ping.app"; sourceTree = BUILT_PRODUCTS_DIR; };
		C3582AAF4CAC117A80D7CA2C /* SalesPingApp.swift */ = {isa = PBXFileReference; lastKnownFileType = sourcecode.swift; path = SalesPingApp.swift; sourceTree = "<group>"; };
		D0A7E2FD002D2840D89A4E4F /* Sale.swift */ = {isa = PBXFileReference; lastKnownFileType = sourcecode.swift; path = Sale.swift; sourceTree = "<group>"; };
		DA61B96DAB4386DDEC5180FB /* SignInView.swift */ = {isa = PBXFileReference; lastKnownFileType = sourcecode.swift; path = SignInView.swift; sourceTree = "<group>"; };
		DEC70AB49EC036BC236B878E /* Theme.swift */ = {isa = PBXFileReference; lastKnownFileType = sourcecode.swift; path = Theme.swift; sourceTree = "<group>"; };
		F94D0ECCDBF41AFDBE567F5F /* HomeComponents.swift */ = {isa = PBXFileReference; lastKnownFileType = sourcecode.swift; path = HomeComponents.swift; sourceTree = "<group>"; };
		FF8902692CFD73A834717D72 /* ConnectSheet.swift */ = {isa = PBXFileReference; lastKnownFileType = sourcecode.swift; path = ConnectSheet.swift; sourceTree = "<group>"; };
/* End PBXFileReference section */

/* Begin PBXFrameworksBuildPhase section */
		0CAC14E8C732687D0E6E1F1B /* Frameworks */ = {
			isa = PBXFrameworksBuildPhase;
			buildActionMask = 2147483647;
			files = (
				0E6DA84F4CF6A40553643308 /* Supabase in Frameworks */,
			);
			runOnlyForDeploymentPostprocessing = 0;
		};
/* End PBXFrameworksBuildPhase section */

/* Begin PBXGroup section */
		1F4E86674104CC33782E840E /* Models */ = {
			isa = PBXGroup;
			children = (
				D0A7E2FD002D2840D89A4E4F /* Sale.swift */,
				BBD9B6DC47CE94C9FC8043DF /* SalesStore.swift */,
			);
			path = Models;
			sourceTree = "<group>";
		};
		50DCADBF20B589805B5DB953 /* Home */ = {
			isa = PBXGroup;
			children = (
				F94D0ECCDBF41AFDBE567F5F /* HomeComponents.swift */,
				3D50BEB411E48FA2EF2F2A24 /* HomeView.swift */,
				7B26D74F6599EA3404D853A3 /* SaleRow.swift */,
			);
			path = Home;
			sourceTree = "<group>";
		};
		67EF9F8FF33AAE6838159ADB = {
			isa = PBXGroup;
			children = (
				B256903F18B3F28E00CD5406 /* Sales Ping */,
				D7BC420C27C293978A5B2630 /* Products */,
			);
			sourceTree = "<group>";
		};
		73F0346AC1D13FC7D08AFAFA /* Auth */ = {
			isa = PBXGroup;
			children = (
				DA61B96DAB4386DDEC5180FB /* SignInView.swift */,
			);
			path = Auth;
			sourceTree = "<group>";
		};
		936464B2B2825E55C475B06C /* Design */ = {
			isa = PBXGroup;
			children = (
				DEC70AB49EC036BC236B878E /* Theme.swift */,
			);
			path = Design;
			sourceTree = "<group>";
		};
		A6B34D0E1CCB6B5DF460AFED /* Services */ = {
			isa = PBXGroup;
			children = (
				03FE73B0C30BA8DA43F6F838 /* AuthManager.swift */,
				69A56B3C53BBA10DAA26E84A /* ConnectStore.swift */,
				176BA1B8CAFC61D5D53D334B /* SupabaseManager.swift */,
			);
			path = Services;
			sourceTree = "<group>";
		};
		B256903F18B3F28E00CD5406 /* Sales Ping */ = {
			isa = PBXGroup;
			children = (
				7BDCEC68CBB0E7DE23C7588C /* Assets.xcassets */,
				11AD66B80765477DB70ED00C /* Info.plist */,
				649EA85F23404EE1D3A20CFB /* LaunchScreen.storyboard */,
				60E1507DC0058EE323E05B89 /* SalesPing.entitlements */,
				BC147995BB67433AB0ABF383 /* App */,
				936464B2B2825E55C475B06C /* Design */,
				1F4E86674104CC33782E840E /* Models */,
				A6B34D0E1CCB6B5DF460AFED /* Services */,
				D8EE3E38FCBB7ADE0553165B /* Views */,
			);
			path = "Sales Ping";
			sourceTree = "<group>";
		};
		BC147995BB67433AB0ABF383 /* App */ = {
			isa = PBXGroup;
			children = (
				C3582AAF4CAC117A80D7CA2C /* SalesPingApp.swift */,
			);
			path = App;
			sourceTree = "<group>";
		};
		D7BC420C27C293978A5B2630 /* Products */ = {
			isa = PBXGroup;
			children = (
				C2EFA9EAAECCE0CA84AD8D41 /* Sales Ping.app */,
			);
			name = Products;
			sourceTree = "<group>";
		};
		D8EE3E38FCBB7ADE0553165B /* Views */ = {
			isa = PBXGroup;
			children = (
				72B2004CEA8B7A74F967508E /* RootTabView.swift */,
				73F0346AC1D13FC7D08AFAFA /* Auth */,
				FEB9447CB15B665A464786CB /* Connect */,
				50DCADBF20B589805B5DB953 /* Home */,
			);
			path = Views;
			sourceTree = "<group>";
		};
		FEB9447CB15B665A464786CB /* Connect */ = {
			isa = PBXGroup;
			children = (
				FF8902692CFD73A834717D72 /* ConnectSheet.swift */,
				3801280B9973C9F01B64A093 /* ConnectView.swift */,
			);
			path = Connect;
			sourceTree = "<group>";
		};
/* End PBXGroup section */

/* Begin PBXNativeTarget section */
		C256328428F1CC97D1A80B68 /* Sales Ping */ = {
			isa = PBXNativeTarget;
			buildConfigurationList = 586A0F1D202ACB4BF680BDE1 /* Build configuration list for PBXNativeTarget "Sales Ping" */;
			buildPhases = (
				912EF6643F2DC25E91B899E5 /* Sources */,
				97892F168086FDE6A93D8A1D /* Resources */,
				0CAC14E8C732687D0E6E1F1B /* Frameworks */,
			);
			buildRules = (
			);
			dependencies = (
			);
			name = "Sales Ping";
			packageProductDependencies = (
				02F3F7376E8D264A05F80449 /* Supabase */,
			);
			productName = "Sales Ping";
			productReference = C2EFA9EAAECCE0CA84AD8D41 /* Sales Ping.app */;
			productType = "com.apple.product-type.application";
		};
/* End PBXNativeTarget section */

/* Begin PBXProject section */
		420AE0A5D22A24886C1ACCBD /* Project object */ = {
			isa = PBXProject;
			attributes = {
				BuildIndependentTargetsInParallel = YES;
				LastUpgradeCheck = 1430;
			};
			buildConfigurationList = D5759321EF4FBE4AB68DF3C6 /* Build configuration list for PBXProject "Sales Ping" */;
			compatibilityVersion = "Xcode 14.0";
			developmentRegion = en;
			hasScannedForEncodings = 0;
			knownRegions = (
				Base,
				en,
			);
			mainGroup = 67EF9F8FF33AAE6838159ADB;
			minimizedProjectReferenceProxies = 1;
			packageReferences = (
				83CC39D65C66E80FC6A3CA3A /* XCRemoteSwiftPackageReference "supabase-swift" */,
			);
			preferredProjectObjectVersion = 77;
			projectDirPath = "";
			projectRoot = "";
			targets = (
				C256328428F1CC97D1A80B68 /* Sales Ping */,
			);
		};
/* End PBXProject section */

/* Begin PBXResourcesBuildPhase section */
		97892F168086FDE6A93D8A1D /* Resources */ = {
			isa = PBXResourcesBuildPhase;
			buildActionMask = 2147483647;
			files = (
				116CF26B3987606F99E35906 /* Assets.xcassets in Resources */,
				10D26FCE5695A587DCC78FCE /* LaunchScreen.storyboard in Resources */,
			);
			runOnlyForDeploymentPostprocessing = 0;
		};
/* End PBXResourcesBuildPhase section */

/* Begin PBXSourcesBuildPhase section */
		912EF6643F2DC25E91B899E5 /* Sources */ = {
			isa = PBXSourcesBuildPhase;
			buildActionMask = 2147483647;
			files = (
				08F3698E03B5DCB283518995 /* AuthManager.swift in Sources */,
				C6475AC84B121E8E79BB5063 /* ConnectSheet.swift in Sources */,
				7AE45C38555E2893D11A59D7 /* ConnectStore.swift in Sources */,
				4F774C324E26C848EEFCE5A4 /* ConnectView.swift in Sources */,
				3E729A264AA1F94249C92D50 /* HomeComponents.swift in Sources */,
				E5A37D21446CB91F08D50E84 /* HomeView.swift in Sources */,
				EFA7307FCFD086598685392A /* RootTabView.swift in Sources */,
				7A0E90E8A0110FB1D92F2A9F /* Sale.swift in Sources */,
				15FDC383D17FC61B6DA8E6E0 /* SaleRow.swift in Sources */,
				724F84349FEE7B786FB817C8 /* SalesPingApp.swift in Sources */,
				D24BEBF33498E663C741EFE7 /* SalesStore.swift in Sources */,
				2FBAEE42588FC2F1C17051EF /* SignInView.swift in Sources */,
				A593A42E31B3B2431111454D /* SupabaseManager.swift in Sources */,
				F09C8D61B19DA1689935856C /* Theme.swift in Sources */,
			);
			runOnlyForDeploymentPostprocessing = 0;
		};
/* End PBXSourcesBuildPhase section */

/* Begin PBXVariantGroup section */
		649EA85F23404EE1D3A20CFB /* LaunchScreen.storyboard */ = {
			isa = PBXVariantGroup;
			children = (
				5517226DEEC8789D45370064 /* Base */,
			);
			name = LaunchScreen.storyboard;
			sourceTree = "<group>";
		};
/* End PBXVariantGroup section */

/* Begin XCBuildConfiguration section */
		0BDF951DE6EDC7C950BDD542 /* Debug */ = {
			isa = XCBuildConfiguration;
			buildSettings = {
				ALWAYS_SEARCH_USER_PATHS = NO;
				ASSETCATALOG_COMPILER_APPICON_NAME = AppIcon;
				CURRENT_PROJECT_VERSION = 1;
				MARKETING_VERSION = 1.0;
				PRODUCT_NAME = "Sales Ping";
				SDKROOT = iphoneos;
				SUPPORTED_PLATFORMS = "iphoneos iphonesimulator";
				SUPPORTS_MACCATALYST = NO;
				SWIFT_VERSION = 6.0;
				TARGETED_DEVICE_FAMILY = 1;
			};
			name = Debug;
		};
		6340481A192DF7F43D48AA7A /* Release */ = {
			isa = XCBuildConfiguration;
			buildSettings = {
				ALWAYS_SEARCH_USER_PATHS = NO;
				ASSETCATALOG_COMPILER_APPICON_NAME = AppIcon;
				CURRENT_PROJECT_VERSION = 1;
				ENABLE_NS_ASSERTIONS = NO;
				MARKETING_VERSION = 1.0;
				PRODUCT_NAME = "Sales Ping";
				SDKROOT = iphoneos;
				SUPPORTED_PLATFORMS = "iphoneos iphonesimulator";
				SUPPORTS_MACCATALYST = NO;
				SWIFT_COMPILATION_MODE = wholemodule;
				SWIFT_OPTIMIZATION_LEVEL = "-O";
				SWIFT_VERSION = 6.0;
				TARGETED_DEVICE_FAMILY = 1;
			};
			name = Release;
		};
		821C02F53AF99901CC957FC4 /* Debug */ = {
			isa = XCBuildConfiguration;
			buildSettings = {
				CODE_SIGN_ENTITLEMENTS = "Sales Ping/SalesPing.entitlements";
				INFOPLIST_FILE = "Sales Ping/Info.plist";
				IPHONEOS_DEPLOYMENT_TARGET = 17.0;
				PRODUCT_BUNDLE_IDENTIFIER = com.superapp.salesping;
			};
			name = Debug;
		};
		8866C04F7D4D1A659F47A823 /* Release */ = {
			isa = XCBuildConfiguration;
			buildSettings = {
				CODE_SIGN_ENTITLEMENTS = "Sales Ping/SalesPing.entitlements";
				INFOPLIST_FILE = "Sales Ping/Info.plist";
				IPHONEOS_DEPLOYMENT_TARGET = 17.0;
				PRODUCT_BUNDLE_IDENTIFIER = com.superapp.salesping;
			};
			name = Release;
		};
/* End XCBuildConfiguration section */

/* Begin XCConfigurationList section */
		586A0F1D202ACB4BF680BDE1 /* Build configuration list for PBXNativeTarget "Sales Ping" */ = {
			isa = XCConfigurationList;
			buildConfigurations = (
				821C02F53AF99901CC957FC4 /* Debug */,
				8866C04F7D4D1A659F47A823 /* Release */,
			);
			defaultConfigurationIsVisible = 0;
			defaultConfigurationName = Debug;
		};
		D5759321EF4FBE4AB68DF3C6 /* Build configuration list for PBXProject "Sales Ping" */ = {
			isa = XCConfigurationList;
			buildConfigurations = (
				0BDF951DE6EDC7C950BDD542 /* Debug */,
				6340481A192DF7F43D48AA7A /* Release */,
			);
			defaultConfigurationIsVisible = 0;
			defaultConfigurationName = Debug;
		};
/* End XCConfigurationList section */

/* Begin XCRemoteSwiftPackageReference section */
		83CC39D65C66E80FC6A3CA3A /* XCRemoteSwiftPackageReference "supabase-swift" */ = {
			isa = XCRemoteSwiftPackageReference;
			repositoryURL = "https://github.com/supabase/supabase-swift";
			requirement = {
				kind = upToNextMajorVersion;
				minimumVersion = 2.0.0;
			};
		};
/* End XCRemoteSwiftPackageReference section */

/* Begin XCSwiftPackageProductDependency section */
		02F3F7376E8D264A05F80449 /* Supabase */ = {
			isa = XCSwiftPackageProductDependency;
			package = 83CC39D65C66E80FC6A3CA3A /* XCRemoteSwiftPackageReference "supabase-swift" */;
			productName = Supabase;
		};
/* End XCSwiftPackageProductDependency section */
	};
	rootObject = 420AE0A5D22A24886C1ACCBD /* Project object */;
}
